
Microsoft Visual Studio Solution File, Format Version 12.00
# Visual Studio Version 17
VisualStudioVersion = 17.7.34031.279
MinimumVisualStudioVersion = 10.0.40219.1
Project("{FAE04EC0-301F-11D3-BF4B-00C04F79EFBC}") = "Final", "Final\Final.csproj", "{BC628BDB-3347-4E6A-9AB8-F57AD8D39AF6}"
EndProject
Global
	GlobalSection(SolutionConfigurationPlatforms) = preSolution
		Debug|Any CPU = Debug|Any CPU
		Release|Any CPU = Release|Any CPU
	EndGlobalSection
	GlobalSection(ProjectConfigurationPlatforms) = postSolution
		{BC628BDB-3347-4E6A-9AB8-F57AD8D39AF6}.Debug|Any CPU.ActiveCfg = Debug|Any CPU
		{BC628BDB-3347-4E6A-9AB8-F57AD8D39AF6}.Debug|Any CPU.Build.0 = Debug|Any CPU
		{BC628BDB-3347-4E6A-9AB8-F57AD8D39AF6}.Release|Any CPU.ActiveCfg = Release|Any CPU
		{BC628BDB-3347-4E6A-9AB8-F57AD8D39AF6}.Release|Any CPU.Build.0 = Release|Any CPU
	EndGlobalSection
	GlobalSection(SolutionProperties) = preSolution
		HideSolutionNode = FALSE
	EndGlobalSection
	GlobalSection(ExtensibilityGlobals) = postSolution
		SolutionGuid = {095AF4DA-D5B4-4B75-90AD-7E108B571C06}
	EndGlobalSection
EndGlobal
